// !$*UTF8*$!
{
	archiveVersion = 1;
	classes = {
	};
	objectVersion = 46;
	objects = {

/* Begin PBXBuildFile section */
		A81D1CA41B03E4EB00981A33 /* LocationViewController.swift in Sources */ = {isa = PBXBuildFile; fileRef = A81D1CA31B03E4EB00981A33 /* LocationViewController.swift */; };
		A84D2A741AEFD11100F70E55 /* AppDelegate.swift in Sources */ = {isa = PBXBuildFile; fileRef = A84D2A731AEFD11100F70E55 /* AppDelegate.swift */; };
		A84D2A761AEFD11100F70E55 /* LoginViewController.swift in Sources */ = {isa = PBXBuildFile; fileRef = A84D2A751AEFD11100F70E55 /* LoginViewController.swift */; };
		A84D2A791AEFD11200F70E55 /* Main.storyboard in Resources */ = {isa = PBXBuildFile; fileRef = A84D2A771AEFD11200F70E55 /* Main.storyboard */; };
		A84D2A7B1AEFD11300F70E55 /* Images.xcassets in Resources */ = {isa = PBXBuildFile; fileRef = A84D2A7A1AEFD11300F70E55 /* Images.xcassets */; };
		A84D2A7E1AEFD11300F70E55 /* LaunchScreen.xib in Resources */ = {isa = PBXBuildFile; fileRef = A84D2A7C1AEFD11300F70E55 /* LaunchScreen.xib */; };
		A84D2A8A1AEFD11300F70E55 /* OnTheMapTests.swift in Sources */ = {isa = PBXBuildFile; fileRef = A84D2A891AEFD11300F70E55 /* OnTheMapTests.swift */; };
		A84D2A941AF01B3100F70E55 /* OTMClient.swift in Sources */ = {isa = PBXBuildFile; fileRef = A84D2A931AF01B3100F70E55 /* OTMClient.swift */; };
		A84D2A961AF0444D00F70E55 /* OTMConstants.swift in Sources */ = {isa = PBXBuildFile; fileRef = A84D2A951AF0444D00F70E55 /* OTMConstants.swift */; };
		A84D2A981AF0477800F70E55 /* OTMConvenience.swift in Sources */ = {isa = PBXBuildFile; fileRef = A84D2A971AF0477800F70E55 /* OTMConvenience.swift */; };
		A8AB04651B028B8A00F48386 /* MapViewController.swift in Sources */ = {isa = PBXBuildFile; fileRef = A8AB04641B028B8A00F48386 /* MapViewController.swift */; };
		A8AB04671B028BEE00F48386 /* TableViewController.swift in Sources */ = {isa = PBXBuildFile; fileRef = A8AB04661B028BEE00F48386 /* TableViewController.swift */; };
		A8BE2EA91B00FB9200C7A702 /* OTMData.swift in Sources */ = {isa = PBXBuildFile; fileRef = A8BE2EA81B00FB9200C7A702 /* OTMData.swift */; };
/* End PBXBuildFile section */

/* Begin PBXContainerItemProxy section */
		A84D2A841AEFD11300F70E55 /* PBXContainerItemProxy */ = {
			isa = PBXContainerItemProxy;
			containerPortal = A84D2A661AEFD10E00F70E55 /* Project object */;
			proxyType = 1;
			remoteGlobalIDString = A84D2A6D1AEFD10F00F70E55;
			remoteInfo = OnTheMap;
		};
/* End PBXContainerItemProxy section */

/* Begin PBXFileReference section */
		A81D1CA31B03E4EB00981A33 /* LocationViewController.swift */ = {isa = PBXFileReference; fileEncoding = 4; lastKnownFileType = sourcecode.swift; path = LocationViewController.swift; sourceTree = "<group>"; };
		A84D2A6E1AEFD10F00F70E55 /* OnTheMap.app */ = {isa = PBXFileReference; explicitFileType = wrapper.application; includeInIndex = 0; path = OnTheMap.app; sourceTree = BUILT_PRODUCTS_DIR; };
		A84D2A721AEFD11100F70E55 /* Info.plist */ = {isa = PBXFileReference; lastKnownFileType = text.plist.xml; path = Info.plist; sourceTree = "<group>"; };
		A84D2A731AEFD11100F70E55 /* AppDelegate.swift */ = {isa = PBXFileReference; lastKnownFileType = sourcecode.swift; path = AppDelegate.swift; sourceTree = "<group>"; };
		A84D2A751AEFD11100F70E55 /* LoginViewController.swift */ = {isa = PBXFileReference; lastKnownFileType = sourcecode.swift; path = LoginViewController.swift; sourceTree = "<group>"; };
		A84D2A781AEFD11200F70E55 /* Base */ = {isa = PBXFileReference; lastKnownFileType = file.storyboard; name = Base; path = Base.lproj/Main.storyboard; sourceTree = "<group>"; };
		A84D2A7A1AEFD11300F70E55 /* Images.xcassets */ = {isa = PBXFileReference; lastKnownFileType = folder.assetcatalog; path = Images.xcassets; sourceTree = "<group>"; };
		A84D2A7D1AEFD11300F70E55 /* Base */ = {isa = PBXFileReference; lastKnownFileType = file.xib; name = Base; path = Base.lproj/LaunchScreen.xib; sourceTree = "<group>"; };
		A84D2A831AEFD11300F70E55 /* OnTheMapTests.xctest */ = {isa = PBXFileReference; explicitFileType = wrapper.cfbundle; includeInIndex = 0; path = OnTheMapTests.xctest; sourceTree = BUILT_PRODUCTS_DIR; };
		A84D2A881AEFD11300F70E55 /* Info.plist */ = {isa = PBXFileReference; lastKnownFileType = text.plist.xml; path = Info.plist; sourceTree = "<group>"; };
		A84D2A891AEFD11300F70E55 /* OnTheMapTests.swift */ = {isa = PBXFileReference; lastKnownFileType = sourcecode.swift; path = OnTheMapTests.swift; sourceTree = "<group>"; };
		A84D2A931AF01B3100F70E55 /* OTMClient.swift */ = {isa = PBXFileReference; fileEncoding = 4; lastKnownFileType = sourcecode.swift; path = OTMClient.swift; sourceTree = "<group>"; };
		A84D2A951AF0444D00F70E55 /* OTMConstants.swift */ = {isa = PBXFileReference; fileEncoding = 4; lastKnownFileType = sourcecode.swift; path = OTMConstants.swift; sourceTree = "<group>"; };
		A84D2A971AF0477800F70E55 /* OTMConvenience.swift */ = {isa = PBXFileReference; fileEncoding = 4; lastKnownFileType = sourcecode.swift; path = OTMConvenience.swift; sourceTree = "<group>"; };
		A8AB04641B028B8A00F48386 /* MapViewController.swift */ = {isa = PBXFileReference; fileEncoding = 4; lastKnownFileType = sourcecode.swift; path = MapViewController.swift; sourceTree = "<group>"; };
		A8AB04661B028BEE00F48386 /* TableViewController.swift */ = {isa = PBXFileReference; fileEncoding = 4; lastKnownFileType = sourcecode.swift; path = TableViewController.swift; sourceTree = "<group>"; };
		A8BE2EA81B00FB9200C7A702 /* OTMData.swift */ = {isa = PBXFileReference; fileEncoding = 4; lastKnownFileType = sourcecode.swift; path = OTMData.swift; sourceTree = "<group>"; };
/* End PBXFileReference section */

/* Begin PBXFrameworksBuildPhase section */
		A84D2A6B1AEFD10F00F70E55 /* Frameworks */ = {
			isa = PBXFrameworksBuildPhase;
			buildActionMask = 2147483647;
			files = (
			);
			runOnlyForDeploymentPostprocessing = 0;
		};
		A84D2A801AEFD11300F70E55 /* Frameworks */ = {
			isa = PBXFrameworksBuildPhase;
			buildActionMask = 2147483647;
			files = (
			);
			runOnlyForDeploymentPostprocessing = 0;
		};
/* End PBXFrameworksBuildPhase section */

/* Begin PBXGroup section */
		A84D2A651AEFD10E00F70E55 = {
			isa = PBXGroup;
			children = (
				A84D2A701AEFD10F00F70E55 /* OnTheMap */,
				A84D2A861AEFD11300F70E55 /* OnTheMapTests */,
				A84D2A6F1AEFD10F00F70E55 /* Products */,
			);
			sourceTree = "<group>";
		};
		A84D2A6F1AEFD10F00F70E55 /* Products */ = {
			isa = PBXGroup;
			children = (
				A84D2A6E1AEFD10F00F70E55 /* OnTheMap.app */,
				A84D2A831AEFD11300F70E55 /* OnTheMapTests.xctest */,
			);
			name = Products;
			sourceTree = "<group>";
		};
		A84D2A701AEFD10F00F70E55 /* OnTheMap */ = {
			isa = PBXGroup;
			children = (
				A84D2A731AEFD11100F70E55 /* AppDelegate.swift */,
				A81D1CA31B03E4EB00981A33 /* LocationViewController.swift */,
				A84D2A751AEFD11100F70E55 /* LoginViewController.swift */,
				A8AB04641B028B8A00F48386 /* MapViewController.swift */,
				A8AB04661B028BEE00F48386 /* TableViewController.swift */,
				A84D2A931AF01B3100F70E55 /* OTMClient.swift */,
				A84D2A951AF0444D00F70E55 /* OTMConstants.swift */,
				A84D2A971AF0477800F70E55 /* OTMConvenience.swift */,
				A8BE2EA81B00FB9200C7A702 /* OTMData.swift */,
				A84D2A771AEFD11200F70E55 /* Main.storyboard */,
				A84D2A7A1AEFD11300F70E55 /* Images.xcassets */,
				A84D2A7C1AEFD11300F70E55 /* LaunchScreen.xib */,
				A84D2A711AEFD11000F70E55 /* Supporting Files */,
			);
			path = OnTheMap;
			sourceTree = "<group>";
		};
		A84D2A711AEFD11000F70E55 /* Supporting Files */ = {
			isa = PBXGroup;
			children = (
				A84D2A721AEFD11100F70E55 /* Info.plist */,
			);
			name = "Supporting Files";
			sourceTree = "<group>";
		};
		A84D2A861AEFD11300F70E55 /* OnTheMapTests */ = {
			isa = PBXGroup;
			children = (
				A84D2A891AEFD11300F70E55 /* OnTheMapTests.swift */,
				A84D2A871AEFD11300F70E55 /* Supporting Files */,
			);
			path = OnTheMapTests;
			sourceTree = "<group>";
		};
		A84D2A871AEFD11300F70E55 /* Supporting Files */ = {
			isa = PBXGroup;
			children = (
				A84D2A881AEFD11300F70E55 /* Info.plist */,
			);
			name = "Supporting Files";
			sourceTree = "<group>";
		};
/* End PBXGroup section */

/* Begin PBXNativeTarget section */
		A84D2A6D1AEFD10F00F70E55 /* OnTheMap */ = {
			isa = PBXNativeTarget;
			buildConfigurationList = A84D2A8D1AEFD11300F70E55 /* Build configuration list for PBXNativeTarget "OnTheMap" */;
			buildPhases = (
				A84D2A6A1AEFD10F00F70E55 /* Sources */,
				A84D2A6B1AEFD10F00F70E55 /* Frameworks */,
				A84D2A6C1AEFD10F00F70E55 /* Resources */,
			);
			buildRules = (
			);
			dependencies = (
			);
			name = OnTheMap;
			productName = OnTheMap;
			productReference = A84D2A6E1AEFD10F00F70E55 /* OnTheMap.app */;
			productType = "com.apple.product-type.application";
		};
		A84D2A821AEFD11300F70E55 /* OnTheMapTests */ = {
			isa = PBXNativeTarget;
			buildConfigurationList = A84D2A901AEFD11300F70E55 /* Build configuration list for PBXNativeTarget "OnTheMapTests" */;
			buildPhases = (
				A84D2A7F1AEFD11300F70E55 /* Sources */,
				A84D2A801AEFD11300F70E55 /* Frameworks */,
				A84D2A811AEFD11300F70E55 /* Resources */,
			);
			buildRules = (
			);
			dependencies = (
				A84D2A851AEFD11300F70E55 /* PBXTargetDependency */,
			);
			name = OnTheMapTests;
			productName = OnTheMapTests;
			productReference = A84D2A831AEFD11300F70E55 /* OnTheMapTests.xctest */;
			productType = "com.apple.product-type.bundle.unit-test";
		};
/* End PBXNativeTarget section */

/* Begin PBXProject section */
		A84D2A661AEFD10E00F70E55 /* Project object */ = {
			isa = PBXProject;
			attributes = {
				LastUpgradeCheck = 0630;
				ORGANIZATIONNAME = "Infinite Loop, LLC";
				TargetAttributes = {
					A84D2A6D1AEFD10F00F70E55 = {
						CreatedOnToolsVersion = 6.3;
					};
					A84D2A821AEFD11300F70E55 = {
						CreatedOnToolsVersion = 6.3;
						TestTargetID = A84D2A6D1AEFD10F00F70E55;
					};
				};
			};
			buildConfigurationList = A84D2A691AEFD10E00F70E55 /* Build configuration list for PBXProject "OnTheMap" */;
			compatibilityVersion = "Xcode 3.2";
			developmentRegion = English;
			hasScannedForEncodings = 0;
			knownRegions = (
				en,
				Base,
			);
			mainGroup = A84D2A651AEFD10E00F70E55;
			productRefGroup = A84D2A6F1AEFD10F00F70E55 /* Products */;
			projectDirPath = "";
			projectRoot = "";
			targets = (
				A84D2A6D1AEFD10F00F70E55 /* OnTheMap */,
				A84D2A821AEFD11300F70E55 /* OnTheMapTests */,
			);
		};
/* End PBXProject section */

/* Begin PBXResourcesBuildPhase section */
		A84D2A6C1AEFD10F00F70E55 /* Resources */ = {
			isa = PBXResourcesBuildPhase;
			buildActionMask = 2147483647;
			files = (
				A84D2A791AEFD11200F70E55 /* Main.storyboard in Resources */,
				A84D2A7E1AEFD11300F70E55 /* LaunchScreen.xib in Resources */,
				A84D2A7B1AEFD11300F70E55 /* Images.xcassets in Resources */,
			);
			runOnlyForDeploymentPostprocessing = 0;
		};
		A84D2A811AEFD11300F70E55 /* Resources */ = {
			isa = PBXResourcesBuildPhase;
			buildActionMask = 2147483647;
			files = (
			);
			runOnlyForDeploymentPostprocessing = 0;
		};
/* End PBXResourcesBuildPhase section */

/* Begin PBXSourcesBuildPhase section */
		A84D2A6A1AEFD10F00F70E55 /* Sources */ = {
			isa = PBXSourcesBuildPhase;
			buildActionMask = 2147483647;
			files = (
				A8BE2EA91B00FB9200C7A702 /* OTMData.swift in Sources */,
				A84D2A981AF0477800F70E55 /* OTMConvenience.swift in Sources */,
				A84D2A761AEFD11100F70E55 /* LoginViewController.swift in Sources */,
				A8AB04671B028BEE00F48386 /* TableViewController.swift in Sources */,
				A84D2A941AF01B3100F70E55 /* OTMClient.swift in Sources */,
				A84D2A961AF0444D00F70E55 /* OTMConstants.swift in Sources */,
				A81D1CA41B03E4EB00981A33 /* LocationViewController.swift in Sources */,
				A84D2A741AEFD11100F70E55 /* AppDelegate.swift in Sources */,
				A8AB04651B028B8A00F48386 /* MapViewController.swift in Sources */,
			);
			runOnlyForDeploymentPostprocessing = 0;
		};
		A84D2A7F1AEFD11300F70E55 /* Sources */ = {
			isa = PBXSourcesBuildPhase;
			buildActionMask = 2147483647;
			files = (
				A84D2A8A1AEFD11300F70E55 /* OnTheMapTests.swift in Sources */,
			);
			runOnlyForDeploymentPostprocessing = 0;
		};
/* End PBXSourcesBuildPhase section */

/* Begin PBXTargetDependency section */
		A84D2A851AEFD11300F70E55 /* PBXTargetDependency */ = {
			isa = PBXTargetDependency;
			target = A84D2A6D1AEFD10F00F70E55 /* OnTheMap */;
			targetProxy = A84D2A841AEFD11300F70E55 /* PBXContainerItemProxy */;
		};
/* End PBXTargetDependency section */

/* Begin PBXVariantGroup section */
		A84D2A771AEFD11200F70E55 /* Main.storyboard */ = {
			isa = PBXVariantGroup;
			children = (
				A84D2A781AEFD11200F70E55 /* Base */,
			);
			name = Main.storyboard;
			sourceTree = "<group>";
		};
		A84D2A7C1AEFD11300F70E55 /* LaunchScreen.xib */ = {
			isa = PBXVariantGroup;
			children = (
				A84D2A7D1AEFD11300F70E55 /* Base */,
			);
			name = LaunchScreen.xib;
			sourceTree = "<group>";
		};
/* End PBXVariantGroup section */

/* Begin XCBuildConfiguration section */
		A84D2A8B1AEFD11300F70E55 /* Debug */ = {
			isa = XCBuildConfiguration;
			buildSettings = {
				ALWAYS_SEARCH_USER_PATHS = NO;
				CLANG_CXX_LANGUAGE_STANDARD = "gnu++0x";
				CLANG_CXX_LIBRARY = "libc++";
				CLANG_ENABLE_MODULES = YES;
				CLANG_ENABLE_OBJC_ARC = YES;
				CLANG_WARN_BOOL_CONVERSION = YES;
				CLANG_WARN_CONSTANT_CONVERSION = YES;
				CLANG_WARN_DIRECT_OBJC_ISA_USAGE = YES_ERROR;
				CLANG_WARN_EMPTY_BODY = YES;
				CLANG_WARN_ENUM_CONVERSION = YES;
				CLANG_WARN_INT_CONVERSION = YES;
				CLANG_WARN_OBJC_ROOT_CLASS = YES_ERROR;
				CLANG_WARN_UNREACHABLE_CODE = YES;
				CLANG_WARN__DUPLICATE_METHOD_MATCH = YES;
				"CODE_SIGN_IDENTITY[sdk=iphoneos*]" = "iPhone Developer";
				COPY_PHASE_STRIP = NO;
				DEBUG_INFORMATION_FORMAT = "dwarf-with-dsym";
				ENABLE_STRICT_OBJC_MSGSEND = YES;
				GCC_C_LANGUAGE_STANDARD = gnu99;
				GCC_DYNAMIC_NO_PIC = NO;
				GCC_NO_COMMON_BLOCKS = YES;
				GCC_OPTIMIZATION_LEVEL = 0;
				GCC_PREPROCESSOR_DEFINITIONS = (
					"DEBUG=1",
					"$(inherited)",
				);
				GCC_SYMBOLS_PRIVATE_EXTERN = NO;
				GCC_WARN_64_TO_32_BIT_CONVERSION = YES;
				GCC_WARN_ABOUT_RETURN_TYPE = YES_ERROR;
				GCC_WARN_UNDECLARED_SELECTOR = YES;
				GCC_WARN_UNINITIALIZED_AUTOS = YES_AGGRESSIVE;
				GCC_WARN_UNUSED_FUNCTION = YES;
				GCC_WARN_UNUSED_VARIABLE = YES;
				IPHONEOS_DEPLOYMENT_TARGET = 8.3;
				MTL_ENABLE_DEBUG_INFO = YES;
				ONLY_ACTIVE_ARCH = YES;
				SDKROOT = iphoneos;
				SWIFT_OPTIMIZATION_LEVEL = "-Onone";
			};
			name = Debug;
		};
		A84D2A8C1AEFD11300F70E55 /* Release */ = {
			isa = XCBuildConfiguration;
			buildSettings = {
				ALWAYS_SEARCH_USER_PATHS = NO;
				CLANG_CXX_LANGUAGE_STANDARD = "gnu++0x";
				CLANG_CXX_LIBRARY = "libc++";
				CLANG_ENABLE_MODULES = YES;
				CLANG_ENABLE_OBJC_ARC = YES;
				CLANG_WARN_BOOL_CONVERSION = YES;
				CLANG_WARN_CONSTANT_CONVERSION = YES;
				CLANG_WARN_DIRECT_OBJC_ISA_USAGE = YES_ERROR;
				CLANG_WARN_EMPTY_BODY = YES;
				CLANG_WARN_ENUM_CONVERSION = YES;
				CLANG_WARN_INT_CONVERSION = YES;
				CLANG_WARN_OBJC_ROOT_CLASS = YES_ERROR;
				CLANG_WARN_UNREACHABLE_CODE = YES;
				CLANG_WARN__DUPLICATE_METHOD_MATCH = YES;
				"CODE_SIGN_IDENTITY[sdk=iphoneos*]" = "iPhone Developer";
				COPY_PHASE_STRIP = NO;
				DEBUG_INFORMATION_FORMAT = "dwarf-with-dsym";
				ENABLE_NS_ASSERTIONS = NO;
				ENABLE_STRICT_OBJC_MSGSEND = YES;
				GCC_C_LANGUAGE_STANDARD = gnu99;
				GCC_NO_COMMON_BLOCKS = YES;
				GCC_WARN_64_TO_32_BIT_CONVERSION = YES;
				GCC_WARN_ABOUT_RETURN_TYPE = YES_ERROR;
				GCC_WARN_UNDECLARED_SELECTOR = YES;
				GCC_WARN_UNINITIALIZED_AUTOS = YES_AGGRESSIVE;
				GCC_WARN_UNUSED_FUNCTION = YES;
				GCC_WARN_UNUSED_VARIABLE = YES;
				IPHONEOS_DEPLOYMENT_TARGET = 8.3;
				MTL_ENABLE_DEBUG_INFO = NO;
				SDKROOT = iphoneos;
				VALIDATE_PRODUCT = YES;
			};
			name = Release;
		};
		A84D2A8E1AEFD11300F70E55 /* Debug */ = {
			isa = XCBuildConfiguration;
			buildSettings = {
				ASSETCATALOG_COMPILER_APPICON_NAME = AppIcon;
				INFOPLIST_FILE = OnTheMap/Info.plist;
				LD_RUNPATH_SEARCH_PATHS = "$(inherited) @executable_path/Frameworks";
				PRODUCT_NAME = "$(TARGET_NAME)";
			};
			name = Debug;
		};
		A84D2A8F1AEFD11300F70E55 /* Release */ = {
			isa = XCBuildConfiguration;
			buildSettings = {
				ASSETCATALOG_COMPILER_APPICON_NAME = AppIcon;
				INFOPLIST_FILE = OnTheMap/Info.plist;
				LD_RUNPATH_SEARCH_PATHS = "$(inherited) @executable_path/Frameworks";
				PRODUCT_NAME = "$(TARGET_NAME)";
			};
			name = Release;
		};
		A84D2A911AEFD11300F70E55 /* Debug */ = {
			isa = XCBuildConfiguration;
			buildSettings = {
				BUNDLE_LOADER = "$(TEST_HOST)";
				FRAMEWORK_SEARCH_PATHS = (
					"$(SDKROOT)/Developer/Library/Frameworks",
					"$(inherited)",
				);
				GCC_PREPROCESSOR_DEFINITIONS = (
					"DEBUG=1",
					"$(inherited)",
				);
				INFOPLIST_FILE = OnTheMapTests/Info.plist;
				LD_RUNPATH_SEARCH_PATHS = "$(inherited) @executable_path/Frameworks @loader_path/Frameworks";
				PRODUCT_NAME = "$(TARGET_NAME)";
				TEST_HOST = "$(BUILT_PRODUCTS_DIR)/OnTheMap.app/OnTheMap";
			};
			name = Debug;
		};
		A84D2A921AEFD11300F70E55 /* Release */ = {
			isa = XCBuildConfiguration;
			buildSettings = {
				BUNDLE_LOADER = "$(TEST_HOST)";
				FRAMEWORK_SEARCH_PATHS = (
					"$(SDKROOT)/Developer/Library/Frameworks",
					"$(inherited)",
				);
				INFOPLIST_FILE = OnTheMapTests/Info.plist;
				LD_RUNPATH_SEARCH_PATHS = "$(inherited) @executable_path/Frameworks @loader_path/Frameworks";
				PRODUCT_NAME = "$(TARGET_NAME)";
				TEST_HOST = "$(BUILT_PRODUCTS_DIR)/OnTheMap.app/OnTheMap";
			};
			name = Release;
		};
/* End XCBuildConfiguration section */

/* Begin XCConfigurationList section */
		A84D2A691AEFD10E00F70E55 /* Build configuration list for PBXProject "OnTheMap" */ = {
			isa = XCConfigurationList;
			buildConfigurations = (
				A84D2A8B1AEFD11300F70E55 /* Debug */,
				A84D2A8C1AEFD11300F70E55 /* Release */,
			);
			defaultConfigurationIsVisible = 0;
			defaultConfigurationName = Release;
		};
		A84D2A8D1AEFD11300F70E55 /* Build configuration list for PBXNativeTarget "OnTheMap" */ = {
			isa = XCConfigurationList;
			buildConfigurations = (
				A84D2A8E1AEFD11300F70E55 /* Debug */,
				A84D2A8F1AEFD11300F70E55 /* Release */,
			);
			defaultConfigurationIsVisible = 0;
			defaultConfigurationName = Release;
		};
		A84D2A901AEFD11300F70E55 /* Build configuration list for PBXNativeTarget "OnTheMapTests" */ = {
			isa = XCConfigurationList;
			buildConfigurations = (
				A84D2A911AEFD11300F70E55 /* Debug */,
				A84D2A921AEFD11300F70E55 /* Release */,
			);
			defaultConfigurationIsVisible = 0;
			defaultConfigurationName = Release;
		};
/* End XCConfigurationList section */
	};
	rootObject = A84D2A661AEFD10E00F70E55 /* Project object */;
}
